{
  "lockfile-version": 1,
  "manifest": {
    "version": 1,
    "install": {
      "go-task": {
        "pkg-path": "go-task"
      },
      "nodejs": {
        "pkg-path": "nodejs"
      }
    },
    "hook": {
      "on-activate": "  # Autogenerated by Flox\n\n  # Install nodejs dependencies\n  npm install\n\n  # End autogenerated by Flox\n"
    },
    "profile": {},
    "options": {}
  },
  "packages": [
    {
      "attr_path": "go-task",
      "broken": false,
      "derivation": "/nix/store/g60rbwsll7hc6isp2wby5vqbajmhv684-go-task-3.48.0.drv",
      "description": "Task runner / simpler Make alternative written in Go",
      "install_id": "go-task",
      "license": "MIT",
      "locked_url": "https://github.com/flox/nixpkgs?rev=d6c71932130818840fc8fe9509cf50be8c64634f",
      "name": "go-task-3.48.0",
      "pname": "go-task",
      "rev": "d6c71932130818840fc8fe9509cf50be8c64634f",
      "rev_count": 942779,
      "rev_date": "2026-02-08T14:52:16Z",
      "scrape_date": "2026-02-09T04:38:29.464670Z",
      "stabilities": [
        "unstable"
      ],
      "unfree": false,
      "version": "3.48.0",
      "outputs_to_install": [
        "out"
      ],
      "outputs": {
        "out": "/nix/store/xcbnv9rgpbrrbjc9rhcryn29fkapyy7a-go-task-3.48.0"
      },
      "system": "aarch64-darwin",
      "group": "toplevel",
      "priority": 5
    },
    {
      "attr_path": "go-task",
      "broken": false,
      "derivation": "/nix/store/w68pwdii3zx42q57xbr853z3jzk2vbff-go-task-3.48.0.drv",
      "description": "Task runner / simpler Make alternative written in Go",
      "install_id": "go-task",
      "license": "MIT",
      "locked_url": "https://github.com/flox/nixpkgs?rev=d6c71932130818840fc8fe9509cf50be8c64634f",
      "name": "go-task-3.48.0",
      "pname": "go-task",
      "rev": "d6c71932130818840fc8fe9509cf50be8c64634f",
      "rev_count": 942779,
      "rev_date": "2026-02-08T14:52:16Z",
      "scrape_date": "2026-02-09T05:10:37.633711Z",
      "stabilities": [
        "unstable"
      ],
      "unfree": false,
      "version": "3.48.0",
      "outputs_to_install": [
        "out"
      ],
      "outputs": {
        "out": "/nix/store/ncpxzr2h6wmbw3x1rk64wbpdrdk7hnc5-go-task-3.48.0"
      },
      "system": "aarch64-linux",
      "group": "toplevel",
      "priority": 5
    },
    {
      "attr_path": "go-task",
      "broken": false,
      "derivation": "/nix/store/ppx8nn9l9vcr1z6iw9n8cg449cqh3gx1-go-task-3.48.0.drv",
      "description": "Task runner / simpler Make alternative written in Go",
      "install_id": "go-task",
      "license": "MIT",
      "locked_url": "https://github.com/flox/nixpkgs?rev=d6c71932130818840fc8fe9509cf50be8c64634f",
      "name": "go-task-3.48.0",
      "pname": "go-task",
      "rev": "d6c71932130818840fc8fe9509cf50be8c64634f",
      "rev_count": 942779,
      "rev_date": "2026-02-08T14:52:16Z",
      "scrape_date": "2026-02-09T05:44:14.670685Z",
      "stabilities": [
        "unstable"
      ],
      "unfree": false,
      "version": "3.48.0",
      "outputs_to_install": [
        "out"
      ],
      "outputs": {
        "out": "/nix/store/xvrsali850p07x38l7vg337nfmy8sf4d-go-task-3.48.0"
      },
      "system": "x86_64-darwin",
      "group": "toplevel",
      "priority": 5
    },
    {
      "attr_path": "go-task",
      "broken": false,
      "derivation": "/nix/store/ahdn4k09ll4j5alva2a161vaxzkpgrsm-go-task-3.48.0.drv",
      "description": "Task runner / simpler Make alternative written in Go",
      "install_id": "go-task",
      "license": "MIT",
      "locked_url": "https://github.com/flox/nixpkgs?rev=d6c71932130818840fc8fe9509cf50be8c64634f",
      "name": "go-task-3.48.0",
      "pname": "go-task",
      "rev": "d6c71932130818840fc8fe9509cf50be8c64634f",
      "rev_count": 942779,
      "rev_date": "2026-02-08T14:52:16Z",
      "scrape_date": "2026-02-09T06:20:18.635851Z",
      "stabilities": [
        "unstable"
      ],
      "unfree": false,
      "version": "3.48.0",
      "outputs_to_install": [
        "out"
      ],
      "outputs": {
        "out": "/nix/store/5aa1yhiq2vx8widj750xb8b7rp21xrwn-go-task-3.48.0"
      },
      "system": "x86_64-linux",
      "group": "toplevel",
      "priority": 5
    },
    {
      "attr_path": "nodejs",
      "broken": false,
      "derivation": "/nix/store/0jp24w00c62cysdikz38xrnmxwzv0q4r-nodejs-24.13.0.drv",
      "description": "Event-driven I/O framework for the V8 JavaScript engine",
      "install_id": "nodejs",
      "license": "MIT",
      "locked_url": "https://github.com/flox/nixpkgs?rev=d6c71932130818840fc8fe9509cf50be8c64634f",
      "name": "nodejs-24.13.0",
      "pname": "nodejs",
      "rev": "d6c71932130818840fc8fe9509cf50be8c64634f",
      "rev_count": 942779,
      "rev_date": "2026-02-08T14:52:16Z",
      "scrape_date": "2026-02-09T04:38:52.145912Z",
      "stabilities": [
        "unstable"
      ],
      "unfree": false,
      "version": "24.13.0",
      "outputs_to_install": [
        "out",
        "out"
      ],
      "outputs": {
        "dev": "/nix/store/ywm49y8ncwny2nr0wvs6vmaxqjiqg523-nodejs-24.13.0-dev",
        "libv8": "/nix/store/67xyvmmgkisc7mr16wbpyjq2fqyz44af-nodejs-24.13.0-libv8",
        "out": "/nix/store/szvl8aalaplzshakdpyq8l5yq8q1bw66-nodejs-24.13.0"
      },
      "system": "aarch64-darwin",
      "group": "toplevel",
      "priority": 5
    },
    {
      "attr_path": "nodejs",
      "broken": false,
      "derivation": "/nix/store/l64r4vxgdpi0jxp27mvr9sj2c2mq2cys-nodejs-24.13.0.drv",
      "description": "Event-driven I/O framework for the V8 JavaScript engine",
      "install_id": "nodejs",
      "license": "MIT",
      "locked_url": "https://github.com/flox/nixpkgs?rev=d6c71932130818840fc8fe9509cf50be8c64634f",
      "name": "nodejs-24.13.0",
      "pname": "nodejs",
      "rev": "d6c71932130818840fc8fe9509cf50be8c64634f",
      "rev_count": 942779,
      "rev_date": "2026-02-08T14:52:16Z",
      "scrape_date": "2026-02-09T05:11:13.022428Z",
      "stabilities": [
        "unstable"
      ],
      "unfree": false,
      "version": "24.13.0",
      "outputs_to_install": [
        "out"
      ],
      "outputs": {
        "dev": "/nix/store/qk4n3r5bvqzvpaq1qbpwwf47zg51wrhq-nodejs-24.13.0-dev",
        "libv8": "/nix/store/rh9dg0mdq0hnp4cbdy4zdbmy6hnhxcfh-nodejs-24.13.0-libv8",
        "out": "/nix/store/rpyb0275h916mxx8a0cm7yavm4qbr4j9-nodejs-24.13.0"
      },
      "system": "aarch64-linux",
      "group": "toplevel",
      "priority": 5
    },
    {
      "attr_path": "nodejs",
      "broken": false,
      "derivation": "/nix/store/xgryfaiwfymf8ndij80ssly7q2kdq8y1-nodejs-24.13.0.drv",
      "description": "Event-driven I/O framework for the V8 JavaScript engine",
      "install_id": "nodejs",
      "license": "MIT",
      "locked_url": "https://github.com/flox/nixpkgs?rev=d6c71932130818840fc8fe9509cf50be8c64634f",
      "name": "nodejs-24.13.0",
      "pname": "nodejs",
      "rev": "d6c71932130818840fc8fe9509cf50be8c64634f",
      "rev_count": 942779,
      "rev_date": "2026-02-08T14:52:16Z",
      "scrape_date": "2026-02-09T05:44:37.493268Z",
      "stabilities": [
        "unstable"
      ],
      "unfree": false,
      "version": "24.13.0",
      "outputs_to_install": [
        "out"
      ],
      "outputs": {
        "dev": "/nix/store/rp55bch0hqxynmxnh7q5bs586kp0dib6-nodejs-24.13.0-dev",
        "libv8": "/nix/store/dvl504xzwklpfjngdnn6kcpriklwsf6l-nodejs-24.13.0-libv8",
        "out": "/nix/store/xhp1pnnq7hski7hwg36vw7kpxmg56khh-nodejs-24.13.0"
      },
      "system": "x86_64-darwin",
      "group": "toplevel",
      "priority": 5
    },
    {
      "attr_path": "nodejs",
      "broken": false,
      "derivation": "/nix/store/qk40027pvikybl0lvr1wmia9n8ljf99c-nodejs-24.13.0.drv",
      "description": "Event-driven I/O framework for the V8 JavaScript engine",
      "install_id": "nodejs",
      "license": "MIT",
      "locked_url": "https://github.com/flox/nixpkgs?rev=d6c71932130818840fc8fe9509cf50be8c64634f",
      "name": "nodejs-24.13.0",
      "pname": "nodejs",
      "rev": "d6c71932130818840fc8fe9509cf50be8c64634f",
      "rev_count": 942779,
      "rev_date": "2026-02-08T14:52:16Z",
      "scrape_date": "2026-02-09T06:20:55.548285Z",
      "stabilities": [
        "unstable"
      ],
      "unfree": false,
      "version": "24.13.0",
      "outputs_to_install": [
        "out"
      ],
      "outputs": {
        "dev": "/nix/store/hc7fav9y6ai53nqbbpjxprwnkakl1w2d-nodejs-24.13.0-dev",
        "libv8": "/nix/store/z7m56hl4rzdrfhnnkwig0ibzs1qz1x5d-nodejs-24.13.0-libv8",
        "out": "/nix/store/9cyx2v23dip6p9q98384k9v06c96qskb-nodejs-24.13.0"
      },
      "system": "x86_64-linux",
      "group": "toplevel",
      "priority": 5
    }
  ]
}
